// !$*UTF8*$!
{
	archiveVersion = 1;
	classes = {
	};
	objectVersion = 46;
	objects = {

/* Begin PBXBuildFile section */
		1F5489011D784C6D005FDD7C /* AppDelegate.swift in Sources */ = {isa = PBXBuildFile; fileRef = 1F5489001D784C6D005FDD7C /* AppDelegate.swift */; };
		1F5489031D784C6D005FDD7C /* ViewController.swift in Sources */ = {isa = PBXBuildFile; fileRef = 1F5489021D784C6D005FDD7C /* ViewController.swift */; };
		1F5489061D784C6D005FDD7C /* Main.storyboard in Resources */ = {isa = PBXBuildFile; fileRef = 1F5489041D784C6D005FDD7C /* Main.storyboard */; };
		1F5489081D784C6D005FDD7C /* Assets.xcassets in Resources */ = {isa = PBXBuildFile; fileRef = 1F5489071D784C6D005FDD7C /* Assets.xcassets */; };
		1F54890B1D784C6D005FDD7C /* LaunchScreen.storyboard in Resources */ = {isa = PBXBuildFile; fileRef = 1F5489091D784C6D005FDD7C /* LaunchScreen.storyboard */; };
/* End PBXBuildFile section */

/* Begin PBXFileReference section */
		1F5488FD1D784C6D005FDD7C /* DemoGitTH.app */ = {isa = PBXFileReference; explicitFileType = wrapper.application; includeInIndex = 0; path = DemoGitTH.app; sourceTree = BUILT_PRODUCTS_DIR; };
		1F5489001D784C6D005FDD7C /* AppDelegate.swift */ = {isa = PBXFileReference; lastKnownFileType = sourcecode.swift; path = AppDelegate.swift; sourceTree = "<group>"; };
		1F5489021D784C6D005FDD7C /* ViewController.swift */ = {isa = PBXFileReference; lastKnownFileType = sourcecode.swift; path = ViewController.swift; sourceTree = "<group>"; };
		1F5489051D784C6D005FDD7C /* Base */ = {isa = PBXFileReference; lastKnownFileType = file.storyboard; name = Base; path = Base.lproj/Main.storyboard; sourceTree = "<group>"; };
		1F5489071D784C6D005FDD7C /* Assets.xcassets */ = {isa = PBXFileReference; lastKnownFileType = folder.assetcatalog; path = Assets.xcassets; sourceTree = "<group>"; };
		1F54890A1D784C6D005FDD7C /* Base */ = {isa = PBXFileReference; lastKnownFileType = file.storyboard; name = Base; path = Base.lproj/LaunchScreen.storyboard; sourceTree = "<group>"; };
		1F54890C1D784C6D005FDD7C /* Info.plist */ = {isa = PBXFileReference; lastKnownFileType = text.plist.xml; path = Info.plist; sourceTree = "<group>"; };
/* End PBXFileReference section */

/* Begin PBXFrameworksBuildPhase section */
		1F5488FA1D784C6D005FDD7C /* Frameworks */ = {
			isa = PBXFrameworksBuildPhase;
			buildActionMask = 2147483647;
			files = (
			);
			runOnlyForDeploymentPostprocessing = 0;
		};
/* End PBXFrameworksBuildPhase section */

/* Begin PBXGroup section */
		1F5488F41D784C6D005FDD7C = {
			isa = PBXGroup;
			children = (
				1F5488FF1D784C6D005FDD7C /* DemoGitTH */,
				1F5488FE1D784C6D005FDD7C /* Products */,
			);
			sourceTree = "<group>";
		};
		1F5488FE1D784C6D005FDD7C /* Products */ = {
			isa = PBXGroup;
			children = (
				1F5488FD1D784C6D005FDD7C /* DemoGitTH.app */,
			);
			name = Products;
			sourceTree = "<group>";
		};
		1F5488FF1D784C6D005FDD7C /* DemoGitTH */ = {
			isa = PBXGroup;
			children = (
				1F5489001D784C6D005FDD7C /* AppDelegate.swift */,
				1F5489021D784C6D005FDD7C /* ViewController.swift */,
				1F5489041D784C6D005FDD7C /* Main.storyboard */,
				1F5489071D784C6D005FDD7C /* Assets.xcassets */,
				1F5489091D784C6D005FDD7C /* LaunchScreen.storyboard */,
				1F54890C1D784C6D005FDD7C /* Info.plist */,
			);
			path = DemoGitTH;
			sourceTree = "<group>";
		};
/* End PBXGroup section */

/* Begin PBXNativeTarget section */
		1F5488FC1D784C6D005FDD7C /* DemoGitTH */ = {
			isa = PBXNativeTarget;
			buildConfigurationList = 1F54890F1D784C6D005FDD7C /* Build configuration list for PBXNativeTarget "DemoGitTH" */;
			buildPhases = (
				1F5488F91D784C6D005FDD7C /* Sources */,
				1F5488FA1D784C6D005FDD7C /* Frameworks */,
				1F5488FB1D784C6D005FDD7C /* Resources */,
			);
			buildRules = (
			);
			dependencies = (
			);
			name = DemoGitTH;
			productName = DemoGitTH;
			productReference = 1F5488FD1D784C6D005FDD7C /* DemoGitTH.app */;
			productType = "com.apple.product-type.application";
		};
/* End PBXNativeTarget section */

/* Begin PBXProject section */
		1F5488F51D784C6D005FDD7C /* Project object */ = {
			isa = PBXProject;
			attributes = {
				LastSwiftUpdateCheck = 0730;
				LastUpgradeCheck = 0730;
				ORGANIZATIONNAME = ReCapted;
				TargetAttributes = {
					1F5488FC1D784C6D005FDD7C = {
						CreatedOnToolsVersion = 7.3.1;
					};
				};
			};
			buildConfigurationList = 1F5488F81D784C6D005FDD7C /* Build configuration list for PBXProject "DemoGitTH" */;
			compatibilityVersion = "Xcode 3.2";
			developmentRegion = English;
			hasScannedForEncodings = 0;
			knownRegions = (
				en,
				Base,
			);
			mainGroup = 1F5488F41D784C6D005FDD7C;
			productRefGroup = 1F5488FE1D784C6D005FDD7C /* Products */;
			projectDirPath = "";
			projectRoot = "";
			targets = (
				1F5488FC1D784C6D005FDD7C /* DemoGitTH */,
			);
		};
/* End PBXProject section */

/* Begin PBXResourcesBuildPhase section */
		1F5488FB1D784C6D005FDD7C /* Resources */ = {
			isa = PBXResourcesBuildPhase;
			buildActionMask = 2147483647;
			files = (
				1F54890B1D784C6D005FDD7C /* LaunchScreen.storyboard in Resources */,
				1F5489081D784C6D005FDD7C /* Assets.xcassets in Resources */,
				1F5489061D784C6D005FDD7C /* Main.storyboard in Resources */,
			);
			runOnlyForDeploymentPostprocessing = 0;
		};
/* End PBXResourcesBuildPhase section */

/* Begin PBXSourcesBuildPhase section */
		1F5488F91D784C6D005FDD7C /* Sources */ = {
			isa = PBXSourcesBuildPhase;
			buildActionMask = 2147483647;
			files = (
				1F5489031D784C6D005FDD7C /* ViewController.swift in Sources */,
				1F5489011D784C6D005FDD7C /* AppDelegate.swift in Sources */,
			);
			runOnlyForDeploymentPostprocessing = 0;
		};
/* End PBXSourcesBuildPhase section */

/* Begin PBXVariantGroup section */
		1F5489041D784C6D005FDD7C /* Main.storyboard */ = {
			isa = PBXVariantGroup;
			children = (
				1F5489051D784C6D005FDD7C /* Base */,
			);
			name = Main.storyboard;
			sourceTree = "<group>";
		};
		1F5489091D784C6D005FDD7C /* LaunchScreen.storyboard */ = {
			isa = PBXVariantGroup;
			children = (
				1F54890A1D784C6D005FDD7C /* Base */,
			);
			name = LaunchScreen.storyboard;
			sourceTree = "<group>";
		};
/* End PBXVariantGroup section */

/* Begin XCBuildConfiguration section */
		1F54890D1D784C6D005FDD7C /* Debug */ = {
			isa = XCBuildConfiguration;
			buildSettings = {
				ALWAYS_SEARCH_USER_PATHS = NO;
				CLANG_ANALYZER_NONNULL = YES;
				CLANG_CXX_LANGUAGE_STANDARD = "gnu++0x";
				CLANG_CXX_LIBRARY = "libc++";
				CLANG_ENABLE_MODULES = YES;
				CLANG_ENABLE_OBJC_ARC = YES;
				CLANG_WARN_BOOL_CONVERSION = YES;
				CLANG_WARN_CONSTANT_CONVERSION = YES;
				CLANG_WARN_DIRECT_OBJC_ISA_USAGE = YES_ERROR;
				CLANG_WARN_EMPTY_BODY = YES;
				CLANG_WARN_ENUM_CONVERSION = YES;
				CLANG_WARN_INT_CONVERSION = YES;
				CLANG_WARN_OBJC_ROOT_CLASS = YES_ERROR;
				CLANG_WARN_UNREACHABLE_CODE = YES;
				CLANG_WARN__DUPLICATE_METHOD_MATCH = YES;
				"CODE_SIGN_IDENTITY[sdk=iphoneos*]" = "iPhone Developer";
				COPY_PHASE_STRIP = NO;
				DEBUG_INFORMATION_FORMAT = dwarf;
				ENABLE_STRICT_OBJC_MSGSEND = YES;
				ENABLE_TESTABILITY = YES;
				GCC_C_LANGUAGE_STANDARD = gnu99;
				GCC_DYNAMIC_NO_PIC = NO;
				GCC_NO_COMMON_BLOCKS = YES;
				GCC_OPTIMIZATION_LEVEL = 0;
				GCC_PREPROCESSOR_DEFINITIONS = (
					"DEBUG=1",
					"$(inherited)",
				);
				GCC_WARN_64_TO_32_BIT_CONVERSION = YES;
				GCC_WARN_ABOUT_RETURN_TYPE = YES_ERROR;
				GCC_WARN_UNDECLARED_SELECTOR = YES;
				GCC_WARN_UNINITIALIZED_AUTOS = YES_AGGRESSIVE;
				GCC_WARN_UNUSED_FUNCTION = YES;
				GCC_WARN_UNUSED_VARIABLE = YES;
				IPHONEOS_DEPLOYMENT_TARGET = 9.3;
				MTL_ENABLE_DEBUG_INFO = YES;
				ONLY_ACTIVE_ARCH = YES;
				SDKROOT = iphoneos;
				SWIFT_OPTIMIZATION_LEVEL = "-Onone";
			};
			name = Debug;
		};
		1F54890E1D784C6D005FDD7C /* Release */ = {
			isa = XCBuildConfiguration;
			buildSettings = {
				ALWAYS_SEARCH_USER_PATHS = NO;
				CLANG_ANALYZER_NONNULL = YES;
				CLANG_CXX_LANGUAGE_STANDARD = "gnu++0x";
				CLANG_CXX_LIBRARY = "libc++";
				CLANG_ENABLE_MODULES = YES;
				CLANG_ENABLE_OBJC_ARC = YES;
				CLANG_WARN_BOOL_CONVERSION = YES;
				CLANG_WARN_CONSTANT_CONVERSION = YES;
				CLANG_WARN_DIRECT_OBJC_ISA_USAGE = YES_ERROR;
				CLANG_WARN_EMPTY_BODY = YES;
				CLANG_WARN_ENUM_CONVERSION = YES;
				CLANG_WARN_INT_CONVERSION = YES;
				CLANG_WARN_OBJC_ROOT_CLASS = YES_ERROR;
				CLANG_WARN_UNREACHABLE_CODE = YES;
				CLANG_WARN__DUPLICATE_METHOD_MATCH = YES;
				"CODE_SIGN_IDENTITY[sdk=iphoneos*]" = "iPhone Developer";
				COPY_PHASE_STRIP = NO;
				DEBUG_INFORMATION_FORMAT = "dwarf-with-dsym";
				ENABLE_NS_ASSERTIONS = NO;
				ENABLE_STRICT_OBJC_MSGSEND = YES;
				GCC_C_LANGUAGE_STANDARD = gnu99;
				GCC_NO_COMMON_BLOCKS = YES;
				GCC_WARN_64_TO_32_BIT_CONVERSION = YES;
				GCC_WARN_ABOUT_RETURN_TYPE = YES_ERROR;
				GCC_WARN_UNDECLARED_SELECTOR = YES;
				GCC_WARN_UNINITIALIZED_AUTOS = YES_AGGRESSIVE;
				GCC_WARN_UNUSED_FUNCTION = YES;
				GCC_WARN_UNUSED_VARIABLE = YES;
				IPHONEOS_DEPLOYMENT_TARGET = 9.3;
				MTL_ENABLE_DEBUG_INFO = NO;
				SDKROOT = iphoneos;
				VALIDATE_PRODUCT = YES;
			};
			name = Release;
		};
		1F5489101D784C6D005FDD7C /* Debug */ = {
			isa = XCBuildConfiguration;
			buildSettings = {
				ASSETCATALOG_COMPILER_APPICON_NAME = AppIcon;
				INFOPLIST_FILE = DemoGitTH/Info.plist;
				LD_RUNPATH_SEARCH_PATHS = "$(inherited) @executable_path/Frameworks";
				PRODUCT_BUNDLE_IDENTIFIER = com.recapted.DemoGitTH;
				PRODUCT_NAME = "$(TARGET_NAME)";
			};
			name = Debug;
		};
		1F5489111D784C6D005FDD7C /* Release */ = {
			isa = XCBuildConfiguration;
			buildSettings = {
				ASSETCATALOG_COMPILER_APPICON_NAME = AppIcon;
				INFOPLIST_FILE = DemoGitTH/Info.plist;
				LD_RUNPATH_SEARCH_PATHS = "$(inherited) @executable_path/Frameworks";
				PRODUCT_BUNDLE_IDENTIFIER = com.recapted.DemoGitTH;
				PRODUCT_NAME = "$(TARGET_NAME)";
			};
			name = Release;
		};
/* End XCBuildConfiguration section */

/* Begin XCConfigurationList section */
		1F5488F81D784C6D005FDD7C /* Build configuration list for PBXProject "DemoGitTH" */ = {
			isa = XCConfigurationList;
			buildConfigurations = (
				1F54890D1D784C6D005FDD7C /* Debug */,
				1F54890E1D784C6D005FDD7C /* Release */,
			);
			defaultConfigurationIsVisible = 0;
			defaultConfigurationName = Release;
		};
		1F54890F1D784C6D005FDD7C /* Build configuration list for PBXNativeTarget "DemoGitTH" */ = {
			isa = XCConfigurationList;
			buildConfigurations = (
				1F5489101D784C6D005FDD7C /* Debug */,
				1F5489111D784C6D005FDD7C /* Release */,
			);
			defaultConfigurationIsVisible = 0;
		};
/* End XCConfigurationList section */
	};
	rootObject = 1F5488F51D784C6D005FDD7C /* Project object */;
}
